
Microsoft Visual Studio Solution File, Format Version 12.00
# Visual Studio Version 16
VisualStudioVersion = 16.0.29709.97
MinimumVisualStudioVersion = 10.0.40219.1
Project("{9A19103F-16F7-4668-BE54-9A1E7A4F7556}") = "D2M.Web", "src\D2M.Web\D2M.Web.csproj", "{298AFFDF-88CD-4FDA-9F7F-6286984F072B}"
EndProject
Project("{9A19103F-16F7-4668-BE54-9A1E7A4F7556}") = "D2M.Services", "src\D2M.Services\D2M.Services.csproj", "{997782A8-3332-4374-A923-D7CFF4671EB5}"
EndProject
Project("{9A19103F-16F7-4668-BE54-9A1E7A4F7556}") = "D2M.Bot", "src\D2M.Bot\D2M.Bot.csproj", "{51F052E0-196F-44B7-A96E-5A15B1E5AA7B}"
EndProject
Project("{9A19103F-16F7-4668-BE54-9A1E7A4F7556}") = "D2M.Data", "src\D2M.Data\D2M.Data.csproj", "{526179F0-1EA1-41AC-8C4C-2AC995401C50}"
EndProject
Project("{FAE04EC0-301F-11D3-BF4B-00C04F79EFBC}") = "D2M.Common", "D2M.Common\D2M.Common.csproj", "{881B6911-B08F-4672-BF28-A5E665117B82}"
EndProject
Global
	GlobalSection(SolutionConfigurationPlatforms) = preSolution
		Debug|Any CPU = Debug|Any CPU
		Release|Any CPU = Release|Any CPU
	EndGlobalSection
	GlobalSection(ProjectConfigurationPlatforms) = postSolution
		{298AFFDF-88CD-4FDA-9F7F-6286984F072B}.Debug|Any CPU.ActiveCfg = Debug|Any CPU
		{298AFFDF-88CD-4FDA-9F7F-6286984F072B}.Debug|Any CPU.Build.0 = Debug|Any CPU
		{298AFFDF-88CD-4FDA-9F7F-6286984F072B}.Release|Any CPU.ActiveCfg = Release|Any CPU
		{298AFFDF-88CD-4FDA-9F7F-6286984F072B}.Release|Any CPU.Build.0 = Release|Any CPU
		{997782A8-3332-4374-A923-D7CFF4671EB5}.Debug|Any CPU.ActiveCfg = Debug|Any CPU
		{997782A8-3332-4374-A923-D7CFF4671EB5}.Debug|Any CPU.Build.0 = Debug|Any CPU
		{997782A8-3332-4374-A923-D7CFF4671EB5}.Release|Any CPU.ActiveCfg = Release|Any CPU
		{997782A8-3332-4374-A923-D7CFF4671EB5}.Release|Any CPU.Build.0 = Release|Any CPU
		{51F052E0-196F-44B7-A96E-5A15B1E5AA7B}.Debug|Any CPU.ActiveCfg = Debug|Any CPU
		{51F052E0-196F-44B7-A96E-5A15B1E5AA7B}.Debug|Any CPU.Build.0 = Debug|Any CPU
		{51F052E0-196F-44B7-A96E-5A15B1E5AA7B}.Release|Any CPU.ActiveCfg = Release|Any CPU
		{51F052E0-196F-44B7-A96E-5A15B1E5AA7B}.Release|Any CPU.Build.0 = Release|Any CPU
		{526179F0-1EA1-41AC-8C4C-2AC995401C50}.Debug|Any CPU.ActiveCfg = Debug|Any CPU
		{526179F0-1EA1-41AC-8C4C-2AC995401C50}.Debug|Any CPU.Build.0 = Debug|Any CPU
		{526179F0-1EA1-41AC-8C4C-2AC995401C50}.Release|Any CPU.ActiveCfg = Release|Any CPU
		{526179F0-1EA1-41AC-8C4C-2AC995401C50}.Release|Any CPU.Build.0 = Release|Any CPU
		{881B6911-B08F-4672-BF28-A5E665117B82}.Debug|Any CPU.ActiveCfg = Debug|Any CPU
		{881B6911-B08F-4672-BF28-A5E665117B82}.Debug|Any CPU.Build.0 = Debug|Any CPU
		{881B6911-B08F-4672-BF28-A5E665117B82}.Release|Any CPU.ActiveCfg = Release|Any CPU
		{881B6911-B08F-4672-BF28-A5E665117B82}.Release|Any CPU.Build.0 = Release|Any CPU
	EndGlobalSection
	GlobalSection(SolutionProperties) = preSolution
		HideSolutionNode = FALSE
	EndGlobalSection
	GlobalSection(ExtensibilityGlobals) = postSolution
		SolutionGuid = {73B45DC4-EEF4-47C0-90B6-92EB7645B157}
	EndGlobalSection
EndGlobal
